
Microsoft Visual Studio Solution File, Format Version 12.00
# Visual Studio Version 16
VisualStudioVersion = 16.0.31112.23
MinimumVisualStudioVersion = 10.0.40219.1
Project("{FAE04EC0-301F-11D3-BF4B-00C04F79EFBC}") = "MvcProjectKamp", "MvcProjectKamp\MvcProjectKamp.csproj", "{15EE1884-5C25-4692-BB48-48D0A5926705}"
EndProject
Global
	GlobalSection(SolutionConfigurationPlatforms) = preSolution
		Debug|Any CPU = Debug|Any CPU
		Release|Any CPU = Release|Any CPU
	EndGlobalSection
	GlobalSection(ProjectConfigurationPlatforms) = postSolution
		{15EE1884-5C25-4692-BB48-48D0A5926705}.Debug|Any CPU.ActiveCfg = Debug|Any CPU
		{15EE1884-5C25-4692-BB48-48D0A5926705}.Debug|Any CPU.Build.0 = Debug|Any CPU
		{15EE1884-5C25-4692-BB48-48D0A5926705}.Release|Any CPU.ActiveCfg = Release|Any CPU
		{15EE1884-5C25-4692-BB48-48D0A5926705}.Release|Any CPU.Build.0 = Release|Any CPU
	EndGlobalSection
	GlobalSection(SolutionProperties) = preSolution
		HideSolutionNode = FALSE
	EndGlobalSection
	GlobalSection(ExtensibilityGlobals) = postSolution
		SolutionGuid = {AB2EC8E7-7156-49D8-9B29-1F2C4805B442}
	EndGlobalSection
EndGlobal
